
Microsoft Visual Studio Solution File, Format Version 12.00
# Visual Studio Version 16
VisualStudioVersion = 16.0.29920.165
MinimumVisualStudioVersion = 10.0.40219.1
Project("{FAE04EC0-301F-11D3-BF4B-00C04F79EFBC}") = "SkiShopService", "SkiShopService.csproj", "{E260119B-1506-4ACC-A7AD-D18FB03BE36C}"
EndProject
Project("{FAE04EC0-301F-11D3-BF4B-00C04F79EFBC}") = "Consume SkiShop REST Service", "..\Consume SkiShop REST Service\Consume SkiShop REST Service.csproj", "{6247B07B-FAC8-4DE1-9FBC-127FD42A096B}"
EndProject
Global
	GlobalSection(SolutionConfigurationPlatforms) = preSolution
		Debug|Any CPU = Debug|Any CPU
		Release|Any CPU = Release|Any CPU
	EndGlobalSection
	GlobalSection(ProjectConfigurationPlatforms) = postSolution
		{E260119B-1506-4ACC-A7AD-D18FB03BE36C}.Debug|Any CPU.ActiveCfg = Debug|Any CPU
		{E260119B-1506-4ACC-A7AD-D18FB03BE36C}.Debug|Any CPU.Build.0 = Debug|Any CPU
		{E260119B-1506-4ACC-A7AD-D18FB03BE36C}.Release|Any CPU.ActiveCfg = Release|Any CPU
		{E260119B-1506-4ACC-A7AD-D18FB03BE36C}.Release|Any CPU.Build.0 = Release|Any CPU
		{6247B07B-FAC8-4DE1-9FBC-127FD42A096B}.Debug|Any CPU.ActiveCfg = Debug|Any CPU
		{6247B07B-FAC8-4DE1-9FBC-127FD42A096B}.Debug|Any CPU.Build.0 = Debug|Any CPU
		{6247B07B-FAC8-4DE1-9FBC-127FD42A096B}.Release|Any CPU.ActiveCfg = Release|Any CPU
		{6247B07B-FAC8-4DE1-9FBC-127FD42A096B}.Release|Any CPU.Build.0 = Release|Any CPU
	EndGlobalSection
	GlobalSection(SolutionProperties) = preSolution
		HideSolutionNode = FALSE
	EndGlobalSection
	GlobalSection(ExtensibilityGlobals) = postSolution
		SolutionGuid = {73335C35-E0F8-4330-95B6-A67E01A5D868}
	EndGlobalSection
EndGlobal
